{
  "name": "jslearning",
  "version": "1.0.0",
  "lockfileVersion": 1,
  "requires": true,
  "dependencies": {
    "file-saver": {
      "version": "1.0.0",
      "resolved": "http://192.168.56.99:4873/file-saver/-/file-saver-1.0.0.tgz",
      "integrity": "sha512-6+m86v05OmTZxY0W3+GL2KanulJvVSpTLPM7Fp1gHv30yTDYo8sg8ZrmlEr1LLgnYWJMXy4hrugHWZJSFheTRQ=="
    },
    "filereader": {
      "version": "1.0.0",
      "resolved": "http://192.168.56.99:4873/filereader/-/filereader-1.0.0.tgz",
      "integrity": "sha512-a29xsbHiAhPyhEb1ucDqFnfCDjhfNC0JE4qsDbzTVrR0KCVAuj7Vz86iy+wTOfKrRXr7PX31AGqvgrAivdjCdw=="
    }
  }
}
