{
  "name": "jslearning",
  "version": "1.0.0",
  "lockfileVersion": 2,
  "requires": true,
  "packages": {
    "": {
      "name": "jslearning",
      "version": "1.0.0",
      "license": "ISC",
      "dependencies": {
        "file-saver": "^2.0.0",
        "plotly.js-dist": "^1.43.2",
        "sci": "^7.0.1",
        "tabulator-tables": "^4.1.5"
      }
    },
    "node_modules/file-saver": {
      "version": "2.0.0",
      "resolved": "https://www.necosystem.com/verdaccio/file-saver/-/file-saver-2.0.0.tgz",
      "integrity": "sha512-cYM1ic5DAkg25pHKgi5f10ziAM7RJU37gaH1XQlyNDrtUnzhC/dfoV9zf2OmF0RMKi42jG5B0JWBnPQqyj/G6g==",
      "license": "MIT"
    },
    "node_modules/plotly.js-dist": {
      "version": "1.43.2",
      "resolved": "https://www.necosystem.com/verdaccio/plotly.js-dist/-/plotly.js-dist-1.43.2.tgz",
      "integrity": "sha512-r67n52mKacXwoctpzd4VDbP1EOnrMiRqub7mIgrH7YFcg+SCNS61FTPBl/cyBSFv5koR29OKffwgQpEAtKJk4A==",
      "license": "MIT"
    },
    "node_modules/sci": {
      "version": "7.0.1",
      "resolved": "http://127.0.0.1:4873/sci/-/sci-7.0.1.tgz",
      "integrity": "sha512-3B1fSWXmLTWc1D60xVfhCG5vFBA4r77qL4dAtjfEMFJ+KmqFtsoZSHM8m5piN/q5Tf3HOy8q8wEl84Zma5glmw==",
      "license": "MIT"
    },
    "node_modules/tabulator-tables": {
      "version": "4.1.5",
      "resolved": "https://www.necosystem.com/verdaccio/tabulator-tables/-/tabulator-tables-4.1.5.tgz",
      "integrity": "sha512-SyXCNjbC+lSGTzoJK6/mzRcWuO0TPdvSe8kw692Jir0QJUTYpyaalvNzQB9K8lbM5LN3IIy66OjQwmhGkZrDaA==",
      "license": "MIT"
    }
  },
  "dependencies": {
    "file-saver": {
      "version": "2.0.0",
      "resolved": "https://www.necosystem.com/verdaccio/file-saver/-/file-saver-2.0.0.tgz",
      "integrity": "sha512-cYM1ic5DAkg25pHKgi5f10ziAM7RJU37gaH1XQlyNDrtUnzhC/dfoV9zf2OmF0RMKi42jG5B0JWBnPQqyj/G6g=="
    },
    "plotly.js-dist": {
      "version": "1.43.2",
      "resolved": "https://www.necosystem.com/verdaccio/plotly.js-dist/-/plotly.js-dist-1.43.2.tgz",
      "integrity": "sha512-r67n52mKacXwoctpzd4VDbP1EOnrMiRqub7mIgrH7YFcg+SCNS61FTPBl/cyBSFv5koR29OKffwgQpEAtKJk4A=="
    },
    "sci": {
      "version": "7.0.1",
      "resolved": "http://127.0.0.1:4873/sci/-/sci-7.0.1.tgz",
      "integrity": "sha512-3B1fSWXmLTWc1D60xVfhCG5vFBA4r77qL4dAtjfEMFJ+KmqFtsoZSHM8m5piN/q5Tf3HOy8q8wEl84Zma5glmw=="
    },
    "tabulator-tables": {
      "version": "4.1.5",
      "resolved": "https://www.necosystem.com/verdaccio/tabulator-tables/-/tabulator-tables-4.1.5.tgz",
      "integrity": "sha512-SyXCNjbC+lSGTzoJK6/mzRcWuO0TPdvSe8kw692Jir0QJUTYpyaalvNzQB9K8lbM5LN3IIy66OjQwmhGkZrDaA=="
    }
  }
}
